
Microsoft Visual Studio Solution File, Format Version 12.00
# Visual Studio Version 16
VisualStudioVersion = 16.0.29911.84
MinimumVisualStudioVersion = 10.0.40219.1
Project("{FAE04EC0-301F-11D3-BF4B-00C04F79EFBC}") = "LanchesMac", "LanchesMac.csproj", "{546643B3-5F15-4169-9C9D-5C772B67173D}"
EndProject
Global
	GlobalSection(SolutionConfigurationPlatforms) = preSolution
		Debug|Any CPU = Debug|Any CPU
		Release|Any CPU = Release|Any CPU
	EndGlobalSection
	GlobalSection(ProjectConfigurationPlatforms) = postSolution
		{546643B3-5F15-4169-9C9D-5C772B67173D}.Debug|Any CPU.ActiveCfg = Debug|Any CPU
		{546643B3-5F15-4169-9C9D-5C772B67173D}.Debug|Any CPU.Build.0 = Debug|Any CPU
		{546643B3-5F15-4169-9C9D-5C772B67173D}.Release|Any CPU.ActiveCfg = Release|Any CPU
		{546643B3-5F15-4169-9C9D-5C772B67173D}.Release|Any CPU.Build.0 = Release|Any CPU
	EndGlobalSection
	GlobalSection(SolutionProperties) = preSolution
		HideSolutionNode = FALSE
	EndGlobalSection
	GlobalSection(ExtensibilityGlobals) = postSolution
		SolutionGuid = {2367574A-A317-418B-BABE-A1DD1DB9DF87}
	EndGlobalSection
EndGlobal
